
Microsoft Visual Studio Solution File, Format Version 12.00
# Visual Studio Version 17
VisualStudioVersion = 17.9.34728.123
MinimumVisualStudioVersion = 10.0.40219.1
Project("{FAE04EC0-301F-11D3-BF4B-00C04F79EFBC}") = "NetProjeJWT", "NetProjeJWT\NetProjeJWT.csproj", "{D2F284C8-6CCC-4B6F-AAAB-C686BEB35394}"
EndProject
Global
	GlobalSection(SolutionConfigurationPlatforms) = preSolution
		Debug|Any CPU = Debug|Any CPU
		Release|Any CPU = Release|Any CPU
	EndGlobalSection
	GlobalSection(ProjectConfigurationPlatforms) = postSolution
		{D2F284C8-6CCC-4B6F-AAAB-C686BEB35394}.Debug|Any CPU.ActiveCfg = Debug|Any CPU
		{D2F284C8-6CCC-4B6F-AAAB-C686BEB35394}.Debug|Any CPU.Build.0 = Debug|Any CPU
		{D2F284C8-6CCC-4B6F-AAAB-C686BEB35394}.Release|Any CPU.ActiveCfg = Release|Any CPU
		{D2F284C8-6CCC-4B6F-AAAB-C686BEB35394}.Release|Any CPU.Build.0 = Release|Any CPU
	EndGlobalSection
	GlobalSection(SolutionProperties) = preSolution
		HideSolutionNode = FALSE
	EndGlobalSection
	GlobalSection(ExtensibilityGlobals) = postSolution
		SolutionGuid = {F04B504F-5E5D-4BAA-920B-E91EE375414F}
	EndGlobalSection
EndGlobal
